
Microsoft Visual Studio Solution File, Format Version 12.00
# Visual Studio Version 17
VisualStudioVersion = 17.13.35913.81
MinimumVisualStudioVersion = 10.0.40219.1
Project("{2150E333-8FDC-42A3-9474-1A3956D46DE8}") = "Ref", "Ref", "{73D9D4DC-3DD6-4641-8C4A-E19F3296DC3B}"
EndProject
Project("{FAE04EC0-301F-11D3-BF4B-00C04F79EFBC}") = "AIWarExternalCode", "..\..\..\CodeExternal\AIWarExternalCode\AIWarExternalCode.csproj", "{CF5C1EDE-E953-46AF-B818-CC6B49226779}"
	ProjectSection(ProjectDependencies) = postProject
		{36F31569-49BD-4E80-9434-81F284089B62} = {36F31569-49BD-4E80-9434-81F284089B62}
		{4A4321C5-087D-4A51-9328-8D4478034DA3} = {4A4321C5-087D-4A51-9328-8D4478034DA3}
	EndProjectSection
EndProject
Project("{FAE04EC0-301F-11D3-BF4B-00C04F79EFBC}") = "AIWarExternalDeepProcessingCode", "..\..\..\CodeExternal\AIWarExternalDeepProcessingCode\AIWarExternalDeepProcessingCode.csproj", "{CA5C0EDE-E953-46AF-B818-CC6B49661779}"
	ProjectSection(ProjectDependencies) = postProject
		{36F31569-49BD-4E80-9434-81F284089B62} = {36F31569-49BD-4E80-9434-81F284089B62}
		{4A4321C5-087D-4A51-9328-8D4478034DA3} = {4A4321C5-087D-4A51-9328-8D4478034DA3}
		{CF5C1EDE-E953-46AF-B818-CC6B49226779} = {CF5C1EDE-E953-46AF-B818-CC6B49226779}
	EndProjectSection
EndProject
Project("{FAE04EC0-301F-11D3-BF4B-00C04F79EFBC}") = "AIWarExternalVisualizationCode", "..\..\..\CodeExternal\AIWarExternalVisualizationCode\AIWarExternalVisualizationCode.csproj", "{CF5C0EDE-E953-46AF-B818-CC6B49226780}"
	ProjectSection(ProjectDependencies) = postProject
		{36F31569-49BD-4E80-9434-81F284089B62} = {36F31569-49BD-4E80-9434-81F284089B62}
		{78D35AB1-0412-43FA-8A3A-283A771792BB} = {78D35AB1-0412-43FA-8A3A-283A771792BB}
		{4A4321C5-087D-4A51-9328-8D4478034DA3} = {4A4321C5-087D-4A51-9328-8D4478034DA3}
		{CF5C1EDE-E953-46AF-B818-CC6B49226779} = {CF5C1EDE-E953-46AF-B818-CC6B49226779}
	EndProjectSection
EndProject
Project("{FAE04EC0-301F-11D3-BF4B-00C04F79EFBC}") = "ArcenAIW2Core", "..\..\..\CodeMain\ArcenAIW2Core\ArcenAIW2Core.csproj", "{4A4321C5-087D-4A51-9328-8D4478034DA3}"
	ProjectSection(ProjectDependencies) = postProject
		{36F31569-49BD-4E80-9434-81F284089B62} = {36F31569-49BD-4E80-9434-81F284089B62}
	EndProjectSection
EndProject
Project("{FAE04EC0-301F-11D3-BF4B-00C04F79EFBC}") = "ArcenAIW2Visualization", "..\..\..\CodeMain\ArcenAIW2Visualization\ArcenAIW2Visualization.csproj", "{78D35AB1-0412-43FA-8A3A-283A771792BB}"
	ProjectSection(ProjectDependencies) = postProject
		{36F31569-49BD-4E80-9434-81F284089B62} = {36F31569-49BD-4E80-9434-81F284089B62}
		{4A4321C5-087D-4A51-9328-8D4478034DA3} = {4A4321C5-087D-4A51-9328-8D4478034DA3}
	EndProjectSection
EndProject
Project("{FAE04EC0-301F-11D3-BF4B-00C04F79EFBC}") = "ArcenAIW2ThirdParty", "..\..\..\CodeMain\ArcenAIW2ThirdParty\ArcenAIW2ThirdParty.csproj", "{AE38D28E-CAC8-4B10-801F-60AC29485063}"
	ProjectSection(ProjectDependencies) = postProject
		{36F31569-49BD-4E80-9434-81F284089B62} = {36F31569-49BD-4E80-9434-81F284089B62}
		{4A4321C5-087D-4A51-9328-8D4478034DA3} = {4A4321C5-087D-4A51-9328-8D4478034DA3}
	EndProjectSection
EndProject
Project("{FAE04EC0-301F-11D3-BF4B-00C04F79EFBC}") = "ArcenUniversal", "..\..\..\CodeCrossProject\ArcenUniversal\ArcenUniversal.csproj", "{36F31569-49BD-4E80-9434-81F284089B62}"
EndProject
Project("{FAE04EC0-301F-11D3-BF4B-00C04F79EFBC}") = "PrivateVisExtensions", "..\..\..\CodeOther\PrivateVisExtensions\PrivateVisExtensions.csproj", "{CBABDC5C-B363-4D3C-B6B1-EEA929E398A1}"
EndProject
Project("{FAE04EC0-301F-11D3-BF4B-00C04F79EFBC}") = "ExodianBladeProject", "ExodianBladeProject\ExodianBladeProject.csproj", "{DB4C677A-A735-4AB8-BA20-FE3293CBE06C}"
EndProject
Project("{FAE04EC0-301F-11D3-BF4B-00C04F79EFBC}") = "ExodianBladeProject_Deep", "ExodianBladeProject_Deep\ExodianBladeProject_Deep.csproj", "{D7E0CBBD-A2D9-447E-9BA0-F42BFC52DEE5}"
EndProject
Global
	GlobalSection(SolutionConfigurationPlatforms) = preSolution
		Debug|Any CPU = Debug|Any CPU
		Release|Any CPU = Release|Any CPU
	EndGlobalSection
	GlobalSection(ProjectConfigurationPlatforms) = postSolution
		{CF5C1EDE-E953-46AF-B818-CC6B49226779}.Debug|Any CPU.ActiveCfg = Debug|Any CPU
		{CF5C1EDE-E953-46AF-B818-CC6B49226779}.Release|Any CPU.ActiveCfg = Release|Any CPU
		{CF5C1EDE-E953-46AF-B818-CC6B49226779}.Release|Any CPU.Build.0 = Release|Any CPU
		{CA5C0EDE-E953-46AF-B818-CC6B49661779}.Debug|Any CPU.ActiveCfg = Debug|Any CPU
		{CA5C0EDE-E953-46AF-B818-CC6B49661779}.Release|Any CPU.ActiveCfg = Release|Any CPU
		{CA5C0EDE-E953-46AF-B818-CC6B49661779}.Release|Any CPU.Build.0 = Release|Any CPU
		{CF5C0EDE-E953-46AF-B818-CC6B49226780}.Debug|Any CPU.ActiveCfg = Debug|Any CPU
		{CF5C0EDE-E953-46AF-B818-CC6B49226780}.Release|Any CPU.ActiveCfg = Release|Any CPU
		{CF5C0EDE-E953-46AF-B818-CC6B49226780}.Release|Any CPU.Build.0 = Release|Any CPU
		{4A4321C5-087D-4A51-9328-8D4478034DA3}.Debug|Any CPU.ActiveCfg = Debug|Any CPU
		{4A4321C5-087D-4A51-9328-8D4478034DA3}.Debug|Any CPU.Build.0 = Debug|Any CPU
		{4A4321C5-087D-4A51-9328-8D4478034DA3}.Release|Any CPU.ActiveCfg = Release|Any CPU
		{4A4321C5-087D-4A51-9328-8D4478034DA3}.Release|Any CPU.Build.0 = Release|Any CPU
		{78D35AB1-0412-43FA-8A3A-283A771792BB}.Debug|Any CPU.ActiveCfg = Debug|Any CPU
		{78D35AB1-0412-43FA-8A3A-283A771792BB}.Debug|Any CPU.Build.0 = Debug|Any CPU
		{78D35AB1-0412-43FA-8A3A-283A771792BB}.Release|Any CPU.ActiveCfg = Release|Any CPU
		{78D35AB1-0412-43FA-8A3A-283A771792BB}.Release|Any CPU.Build.0 = Release|Any CPU
		{AE38D28E-CAC8-4B10-801F-60AC29485063}.Debug|Any CPU.ActiveCfg = Debug|Any CPU
		{AE38D28E-CAC8-4B10-801F-60AC29485063}.Debug|Any CPU.Build.0 = Debug|Any CPU
		{AE38D28E-CAC8-4B10-801F-60AC29485063}.Release|Any CPU.ActiveCfg = Release|Any CPU
		{AE38D28E-CAC8-4B10-801F-60AC29485063}.Release|Any CPU.Build.0 = Release|Any CPU
		{36F31569-49BD-4E80-9434-81F284089B62}.Debug|Any CPU.ActiveCfg = Debug|Any CPU
		{36F31569-49BD-4E80-9434-81F284089B62}.Debug|Any CPU.Build.0 = Debug|Any CPU
		{36F31569-49BD-4E80-9434-81F284089B62}.Release|Any CPU.ActiveCfg = Release|Any CPU
		{36F31569-49BD-4E80-9434-81F284089B62}.Release|Any CPU.Build.0 = Release|Any CPU
		{CBABDC5C-B363-4D3C-B6B1-EEA929E398A1}.Debug|Any CPU.ActiveCfg = Debug|Any CPU
		{CBABDC5C-B363-4D3C-B6B1-EEA929E398A1}.Debug|Any CPU.Build.0 = Debug|Any CPU
		{CBABDC5C-B363-4D3C-B6B1-EEA929E398A1}.Release|Any CPU.ActiveCfg = Release|Any CPU
		{CBABDC5C-B363-4D3C-B6B1-EEA929E398A1}.Release|Any CPU.Build.0 = Release|Any CPU
		{DB4C677A-A735-4AB8-BA20-FE3293CBE06C}.Debug|Any CPU.ActiveCfg = Release|Any CPU
		{DB4C677A-A735-4AB8-BA20-FE3293CBE06C}.Debug|Any CPU.Build.0 = Release|Any CPU
		{DB4C677A-A735-4AB8-BA20-FE3293CBE06C}.Release|Any CPU.ActiveCfg = Release|Any CPU
		{DB4C677A-A735-4AB8-BA20-FE3293CBE06C}.Release|Any CPU.Build.0 = Release|Any CPU
		{D7E0CBBD-A2D9-447E-9BA0-F42BFC52DEE5}.Debug|Any CPU.ActiveCfg = Release|Any CPU
		{D7E0CBBD-A2D9-447E-9BA0-F42BFC52DEE5}.Debug|Any CPU.Build.0 = Release|Any CPU
		{D7E0CBBD-A2D9-447E-9BA0-F42BFC52DEE5}.Release|Any CPU.ActiveCfg = Release|Any CPU
		{D7E0CBBD-A2D9-447E-9BA0-F42BFC52DEE5}.Release|Any CPU.Build.0 = Release|Any CPU
	EndGlobalSection
	GlobalSection(SolutionProperties) = preSolution
		HideSolutionNode = FALSE
	EndGlobalSection
	GlobalSection(NestedProjects) = preSolution
		{CF5C1EDE-E953-46AF-B818-CC6B49226779} = {73D9D4DC-3DD6-4641-8C4A-E19F3296DC3B}
		{CA5C0EDE-E953-46AF-B818-CC6B49661779} = {73D9D4DC-3DD6-4641-8C4A-E19F3296DC3B}
		{CF5C0EDE-E953-46AF-B818-CC6B49226780} = {73D9D4DC-3DD6-4641-8C4A-E19F3296DC3B}
		{4A4321C5-087D-4A51-9328-8D4478034DA3} = {73D9D4DC-3DD6-4641-8C4A-E19F3296DC3B}
		{78D35AB1-0412-43FA-8A3A-283A771792BB} = {73D9D4DC-3DD6-4641-8C4A-E19F3296DC3B}
		{AE38D28E-CAC8-4B10-801F-60AC29485063} = {73D9D4DC-3DD6-4641-8C4A-E19F3296DC3B}
		{36F31569-49BD-4E80-9434-81F284089B62} = {73D9D4DC-3DD6-4641-8C4A-E19F3296DC3B}
		{CBABDC5C-B363-4D3C-B6B1-EEA929E398A1} = {73D9D4DC-3DD6-4641-8C4A-E19F3296DC3B}
	EndGlobalSection
	GlobalSection(ExtensibilityGlobals) = postSolution
		SolutionGuid = {B4406651-288F-44C3-96E0-7AD1E64773ED}
	EndGlobalSection
EndGlobal
